// !$*UTF8*$!
{
	archiveVersion = 1;
	classes = {
	};
	objectVersion = 56;
	objects = {

/* Begin PBXBuildFile section */
		A87D171E2A1DE68D00E4BCF0 /* base64-testing.txt in Resources */ = {isa = PBXBuildFile; fileRef = A87D171D2A1DE68D00E4BCF0 /* base64-testing.txt */; };
		A8B4797D2A1CCDFA00915276 /* AppDelegate.swift in Sources */ = {isa = PBXBuildFile; fileRef = A8B4797C2A1CCDFA00915276 /* AppDelegate.swift */; };
		A8B4797F2A1CCDFA00915276 /* SceneDelegate.swift in Sources */ = {isa = PBXBuildFile; fileRef = A8B4797E2A1CCDFA00915276 /* SceneDelegate.swift */; };
		A8B479812A1CCDFA00915276 /* ViewController.swift in Sources */ = {isa = PBXBuildFile; fileRef = A8B479802A1CCDFA00915276 /* ViewController.swift */; };
		A8B479842A1CCDFA00915276 /* Main.storyboard in Resources */ = {isa = PBXBuildFile; fileRef = A8B479822A1CCDFA00915276 /* Main.storyboard */; };
		A8B479862A1CCDFC00915276 /* Assets.xcassets in Resources */ = {isa = PBXBuildFile; fileRef = A8B479852A1CCDFC00915276 /* Assets.xcassets */; };
		A8B479892A1CCDFC00915276 /* LaunchScreen.storyboard in Resources */ = {isa = PBXBuildFile; fileRef = A8B479872A1CCDFC00915276 /* LaunchScreen.storyboard */; };
		A8B479942A1CCDFD00915276 /* LibSodiumPracticeTests.swift in Sources */ = {isa = PBXBuildFile; fileRef = A8B479932A1CCDFD00915276 /* LibSodiumPracticeTests.swift */; };
		A8B4799E2A1CCDFD00915276 /* LibSodiumPracticeUITests.swift in Sources */ = {isa = PBXBuildFile; fileRef = A8B4799D2A1CCDFD00915276 /* LibSodiumPracticeUITests.swift */; };
		A8B479A02A1CCDFD00915276 /* LibSodiumPracticeUITestsLaunchTests.swift in Sources */ = {isa = PBXBuildFile; fileRef = A8B4799F2A1CCDFD00915276 /* LibSodiumPracticeUITestsLaunchTests.swift */; };
		A8B479AE2A1CD0F300915276 /* Sodium in Frameworks */ = {isa = PBXBuildFile; productRef = A8B479AD2A1CD0F300915276 /* Sodium */; };
		A8B479B02A1DDBFB00915276 /* response.png in Resources */ = {isa = PBXBuildFile; fileRef = A8B479AF2A1DDBFA00915276 /* response.png */; };
/* End PBXBuildFile section */

/* Begin PBXContainerItemProxy section */
		A8B479902A1CCDFD00915276 /* PBXContainerItemProxy */ = {
			isa = PBXContainerItemProxy;
			containerPortal = A8B479712A1CCDFA00915276 /* Project object */;
			proxyType = 1;
			remoteGlobalIDString = A8B479782A1CCDFA00915276;
			remoteInfo = LibSodiumPractice;
		};
		A8B4799A2A1CCDFD00915276 /* PBXContainerItemProxy */ = {
			isa = PBXContainerItemProxy;
			containerPortal = A8B479712A1CCDFA00915276 /* Project object */;
			proxyType = 1;
			remoteGlobalIDString = A8B479782A1CCDFA00915276;
			remoteInfo = LibSodiumPractice;
		};
/* End PBXContainerItemProxy section */

/* Begin PBXFileReference section */
		A87D171D2A1DE68D00E4BCF0 /* base64-testing.txt */ = {isa = PBXFileReference; fileEncoding = 4; lastKnownFileType = text; path = "base64-testing.txt"; sourceTree = "<group>"; };
		A8B479792A1CCDFA00915276 /* LibSodiumPractice.app */ = {isa = PBXFileReference; explicitFileType = wrapper.application; includeInIndex = 0; path = LibSodiumPractice.app; sourceTree = BUILT_PRODUCTS_DIR; };
		A8B4797C2A1CCDFA00915276 /* AppDelegate.swift */ = {isa = PBXFileReference; lastKnownFileType = sourcecode.swift; path = AppDelegate.swift; sourceTree = "<group>"; };
		A8B4797E2A1CCDFA00915276 /* SceneDelegate.swift */ = {isa = PBXFileReference; lastKnownFileType = sourcecode.swift; path = SceneDelegate.swift; sourceTree = "<group>"; };
		A8B479802A1CCDFA00915276 /* ViewController.swift */ = {isa = PBXFileReference; lastKnownFileType = sourcecode.swift; path = ViewController.swift; sourceTree = "<group>"; };
		A8B479832A1CCDFA00915276 /* Base */ = {isa = PBXFileReference; lastKnownFileType = file.storyboard; name = Base; path = Base.lproj/Main.storyboard; sourceTree = "<group>"; };
		A8B479852A1CCDFC00915276 /* Assets.xcassets */ = {isa = PBXFileReference; lastKnownFileType = folder.assetcatalog; path = Assets.xcassets; sourceTree = "<group>"; };
		A8B479882A1CCDFC00915276 /* Base */ = {isa = PBXFileReference; lastKnownFileType = file.storyboard; name = Base; path = Base.lproj/LaunchScreen.storyboard; sourceTree = "<group>"; };
		A8B4798A2A1CCDFC00915276 /* Info.plist */ = {isa = PBXFileReference; lastKnownFileType = text.plist.xml; path = Info.plist; sourceTree = "<group>"; };
		A8B4798F2A1CCDFD00915276 /* LibSodiumPracticeTests.xctest */ = {isa = PBXFileReference; explicitFileType = wrapper.cfbundle; includeInIndex = 0; path = LibSodiumPracticeTests.xctest; sourceTree = BUILT_PRODUCTS_DIR; };
		A8B479932A1CCDFD00915276 /* LibSodiumPracticeTests.swift */ = {isa = PBXFileReference; lastKnownFileType = sourcecode.swift; path = LibSodiumPracticeTests.swift; sourceTree = "<group>"; };
		A8B479992A1CCDFD00915276 /* LibSodiumPracticeUITests.xctest */ = {isa = PBXFileReference; explicitFileType = wrapper.cfbundle; includeInIndex = 0; path = LibSodiumPracticeUITests.xctest; sourceTree = BUILT_PRODUCTS_DIR; };
		A8B4799D2A1CCDFD00915276 /* LibSodiumPracticeUITests.swift */ = {isa = PBXFileReference; lastKnownFileType = sourcecode.swift; path = LibSodiumPracticeUITests.swift; sourceTree = "<group>"; };
		A8B4799F2A1CCDFD00915276 /* LibSodiumPracticeUITestsLaunchTests.swift */ = {isa = PBXFileReference; lastKnownFileType = sourcecode.swift; path = LibSodiumPracticeUITestsLaunchTests.swift; sourceTree = "<group>"; };
		A8B479AF2A1DDBFA00915276 /* response.png */ = {isa = PBXFileReference; lastKnownFileType = image.png; path = response.png; sourceTree = "<group>"; };
/* End PBXFileReference section */

/* Begin PBXFrameworksBuildPhase section */
		A8B479762A1CCDFA00915276 /* Frameworks */ = {
			isa = PBXFrameworksBuildPhase;
			buildActionMask = 2147483647;
			files = (
				A8B479AE2A1CD0F300915276 /* Sodium in Frameworks */,
			);
			runOnlyForDeploymentPostprocessing = 0;
		};
		A8B4798C2A1CCDFD00915276 /* Frameworks */ = {
			isa = PBXFrameworksBuildPhase;
			buildActionMask = 2147483647;
			files = (
			);
			runOnlyForDeploymentPostprocessing = 0;
		};
		A8B479962A1CCDFD00915276 /* Frameworks */ = {
			isa = PBXFrameworksBuildPhase;
			buildActionMask = 2147483647;
			files = (
			);
			runOnlyForDeploymentPostprocessing = 0;
		};
/* End PBXFrameworksBuildPhase section */

/* Begin PBXGroup section */
		A8B479702A1CCDFA00915276 = {
			isa = PBXGroup;
			children = (
				A8B4797B2A1CCDFA00915276 /* LibSodiumPractice */,
				A8B479922A1CCDFD00915276 /* LibSodiumPracticeTests */,
				A8B4799C2A1CCDFD00915276 /* LibSodiumPracticeUITests */,
				A8B4797A2A1CCDFA00915276 /* Products */,
			);
			sourceTree = "<group>";
		};
		A8B4797A2A1CCDFA00915276 /* Products */ = {
			isa = PBXGroup;
			children = (
				A8B479792A1CCDFA00915276 /* LibSodiumPractice.app */,
				A8B4798F2A1CCDFD00915276 /* LibSodiumPracticeTests.xctest */,
				A8B479992A1CCDFD00915276 /* LibSodiumPracticeUITests.xctest */,
			);
			name = Products;
			sourceTree = "<group>";
		};
		A8B4797B2A1CCDFA00915276 /* LibSodiumPractice */ = {
			isa = PBXGroup;
			children = (
				A8B4797C2A1CCDFA00915276 /* AppDelegate.swift */,
				A8B4797E2A1CCDFA00915276 /* SceneDelegate.swift */,
				A8B479802A1CCDFA00915276 /* ViewController.swift */,
				A8B479822A1CCDFA00915276 /* Main.storyboard */,
				A8B479AF2A1DDBFA00915276 /* response.png */,
				A87D171D2A1DE68D00E4BCF0 /* base64-testing.txt */,
				A8B479852A1CCDFC00915276 /* Assets.xcassets */,
				A8B479872A1CCDFC00915276 /* LaunchScreen.storyboard */,
				A8B4798A2A1CCDFC00915276 /* Info.plist */,
			);
			path = LibSodiumPractice;
			sourceTree = "<group>";
		};
		A8B479922A1CCDFD00915276 /* LibSodiumPracticeTests */ = {
			isa = PBXGroup;
			children = (
				A8B479932A1CCDFD00915276 /* LibSodiumPracticeTests.swift */,
			);
			path = LibSodiumPracticeTests;
			sourceTree = "<group>";
		};
		A8B4799C2A1CCDFD00915276 /* LibSodiumPracticeUITests */ = {
			isa = PBXGroup;
			children = (
				A8B4799D2A1CCDFD00915276 /* LibSodiumPracticeUITests.swift */,
				A8B4799F2A1CCDFD00915276 /* LibSodiumPracticeUITestsLaunchTests.swift */,
			);
			path = LibSodiumPracticeUITests;
			sourceTree = "<group>";
		};
/* End PBXGroup section */

/* Begin PBXNativeTarget section */
		A8B479782A1CCDFA00915276 /* LibSodiumPractice */ = {
			isa = PBXNativeTarget;
			buildConfigurationList = A8B479A32A1CCDFD00915276 /* Build configuration list for PBXNativeTarget "LibSodiumPractice" */;
			buildPhases = (
				A8B479752A1CCDFA00915276 /* Sources */,
				A8B479762A1CCDFA00915276 /* Frameworks */,
				A8B479772A1CCDFA00915276 /* Resources */,
			);
			buildRules = (
			);
			dependencies = (
			);
			name = LibSodiumPractice;
			packageProductDependencies = (
				A8B479AD2A1CD0F300915276 /* Sodium */,
			);
			productName = LibSodiumPractice;
			productReference = A8B479792A1CCDFA00915276 /* LibSodiumPractice.app */;
			productType = "com.apple.product-type.application";
		};
		A8B4798E2A1CCDFD00915276 /* LibSodiumPracticeTests */ = {
			isa = PBXNativeTarget;
			buildConfigurationList = A8B479A62A1CCDFD00915276 /* Build configuration list for PBXNativeTarget "LibSodiumPracticeTests" */;
			buildPhases = (
				A8B4798B2A1CCDFD00915276 /* Sources */,
				A8B4798C2A1CCDFD00915276 /* Frameworks */,
				A8B4798D2A1CCDFD00915276 /* Resources */,
			);
			buildRules = (
			);
			dependencies = (
				A8B479912A1CCDFD00915276 /* PBXTargetDependency */,
			);
			name = LibSodiumPracticeTests;
			productName = LibSodiumPracticeTests;
			productReference = A8B4798F2A1CCDFD00915276 /* LibSodiumPracticeTests.xctest */;
			productType = "com.apple.product-type.bundle.unit-test";
		};
		A8B479982A1CCDFD00915276 /* LibSodiumPracticeUITests */ = {
			isa = PBXNativeTarget;
			buildConfigurationList = A8B479A92A1CCDFD00915276 /* Build configuration list for PBXNativeTarget "LibSodiumPracticeUITests" */;
			buildPhases = (
				A8B479952A1CCDFD00915276 /* Sources */,
				A8B479962A1CCDFD00915276 /* Frameworks */,
				A8B479972A1CCDFD00915276 /* Resources */,
			);
			buildRules = (
			);
			dependencies = (
				A8B4799B2A1CCDFD00915276 /* PBXTargetDependency */,
			);
			name = LibSodiumPracticeUITests;
			productName = LibSodiumPracticeUITests;
			productReference = A8B479992A1CCDFD00915276 /* LibSodiumPracticeUITests.xctest */;
			productType = "com.apple.product-type.bundle.ui-testing";
		};
/* End PBXNativeTarget section */

/* Begin PBXProject section */
		A8B479712A1CCDFA00915276 /* Project object */ = {
			isa = PBXProject;
			attributes = {
				BuildIndependentTargetsInParallel = 1;
				LastSwiftUpdateCheck = 1420;
				LastUpgradeCheck = 1420;
				TargetAttributes = {
					A8B479782A1CCDFA00915276 = {
						CreatedOnToolsVersion = 14.2;
					};
					A8B4798E2A1CCDFD00915276 = {
						CreatedOnToolsVersion = 14.2;
						TestTargetID = A8B479782A1CCDFA00915276;
					};
					A8B479982A1CCDFD00915276 = {
						CreatedOnToolsVersion = 14.2;
						TestTargetID = A8B479782A1CCDFA00915276;
					};
				};
			};
			buildConfigurationList = A8B479742A1CCDFA00915276 /* Build configuration list for PBXProject "LibSodiumPractice" */;
			compatibilityVersion = "Xcode 14.0";
			developmentRegion = en;
			hasScannedForEncodings = 0;
			knownRegions = (
				en,
				Base,
			);
			mainGroup = A8B479702A1CCDFA00915276;
			packageReferences = (
				A8B479AC2A1CD0F300915276 /* XCRemoteSwiftPackageReference "swift-sodium" */,
			);
			productRefGroup = A8B4797A2A1CCDFA00915276 /* Products */;
			projectDirPath = "";
			projectRoot = "";
			targets = (
				A8B479782A1CCDFA00915276 /* LibSodiumPractice */,
				A8B4798E2A1CCDFD00915276 /* LibSodiumPracticeTests */,
				A8B479982A1CCDFD00915276 /* LibSodiumPracticeUITests */,
			);
		};
/* End PBXProject section */

/* Begin PBXResourcesBuildPhase section */
		A8B479772A1CCDFA00915276 /* Resources */ = {
			isa = PBXResourcesBuildPhase;
			buildActionMask = 2147483647;
			files = (
				A87D171E2A1DE68D00E4BCF0 /* base64-testing.txt in Resources */,
				A8B479892A1CCDFC00915276 /* LaunchScreen.storyboard in Resources */,
				A8B479862A1CCDFC00915276 /* Assets.xcassets in Resources */,
				A8B479B02A1DDBFB00915276 /* response.png in Resources */,
				A8B479842A1CCDFA00915276 /* Main.storyboard in Resources */,
			);
			runOnlyForDeploymentPostprocessing = 0;
		};
		A8B4798D2A1CCDFD00915276 /* Resources */ = {
			isa = PBXResourcesBuildPhase;
			buildActionMask = 2147483647;
			files = (
			);
			runOnlyForDeploymentPostprocessing = 0;
		};
		A8B479972A1CCDFD00915276 /* Resources */ = {
			isa = PBXResourcesBuildPhase;
			buildActionMask = 2147483647;
			files = (
			);
			runOnlyForDeploymentPostprocessing = 0;
		};
/* End PBXResourcesBuildPhase section */

/* Begin PBXSourcesBuildPhase section */
		A8B479752A1CCDFA00915276 /* Sources */ = {
			isa = PBXSourcesBuildPhase;
			buildActionMask = 2147483647;
			files = (
				A8B479812A1CCDFA00915276 /* ViewController.swift in Sources */,
				A8B4797D2A1CCDFA00915276 /* AppDelegate.swift in Sources */,
				A8B4797F2A1CCDFA00915276 /* SceneDelegate.swift in Sources */,
			);
			runOnlyForDeploymentPostprocessing = 0;
		};
		A8B4798B2A1CCDFD00915276 /* Sources */ = {
			isa = PBXSourcesBuildPhase;
			buildActionMask = 2147483647;
			files = (
				A8B479942A1CCDFD00915276 /* LibSodiumPracticeTests.swift in Sources */,
			);
			runOnlyForDeploymentPostprocessing = 0;
		};
		A8B479952A1CCDFD00915276 /* Sources */ = {
			isa = PBXSourcesBuildPhase;
			buildActionMask = 2147483647;
			files = (
				A8B479A02A1CCDFD00915276 /* LibSodiumPracticeUITestsLaunchTests.swift in Sources */,
				A8B4799E2A1CCDFD00915276 /* LibSodiumPracticeUITests.swift in Sources */,
			);
			runOnlyForDeploymentPostprocessing = 0;
		};
/* End PBXSourcesBuildPhase section */

/* Begin PBXTargetDependency section */
		A8B479912A1CCDFD00915276 /* PBXTargetDependency */ = {
			isa = PBXTargetDependency;
			target = A8B479782A1CCDFA00915276 /* LibSodiumPractice */;
			targetProxy = A8B479902A1CCDFD00915276 /* PBXContainerItemProxy */;
		};
		A8B4799B2A1CCDFD00915276 /* PBXTargetDependency */ = {
			isa = PBXTargetDependency;
			target = A8B479782A1CCDFA00915276 /* LibSodiumPractice */;
			targetProxy = A8B4799A2A1CCDFD00915276 /* PBXContainerItemProxy */;
		};
/* End PBXTargetDependency section */

/* Begin PBXVariantGroup section */
		A8B479822A1CCDFA00915276 /* Main.storyboard */ = {
			isa = PBXVariantGroup;
			children = (
				A8B479832A1CCDFA00915276 /* Base */,
			);
			name = Main.storyboard;
			sourceTree = "<group>";
		};
		A8B479872A1CCDFC00915276 /* LaunchScreen.storyboard */ = {
			isa = PBXVariantGroup;
			children = (
				A8B479882A1CCDFC00915276 /* Base */,
			);
			name = LaunchScreen.storyboard;
			sourceTree = "<group>";
		};
/* End PBXVariantGroup section */

/* Begin XCBuildConfiguration section */
		A8B479A12A1CCDFD00915276 /* Debug */ = {
			isa = XCBuildConfiguration;
			buildSettings = {
				ALWAYS_SEARCH_USER_PATHS = NO;
				CLANG_ANALYZER_NONNULL = YES;
				CLANG_ANALYZER_NUMBER_OBJECT_CONVERSION = YES_AGGRESSIVE;
				CLANG_CXX_LANGUAGE_STANDARD = "gnu++20";
				CLANG_ENABLE_MODULES = YES;
				CLANG_ENABLE_OBJC_ARC = YES;
				CLANG_ENABLE_OBJC_WEAK = YES;
				CLANG_WARN_BLOCK_CAPTURE_AUTORELEASING = YES;
				CLANG_WARN_BOOL_CONVERSION = YES;
				CLANG_WARN_COMMA = YES;
				CLANG_WARN_CONSTANT_CONVERSION = YES;
				CLANG_WARN_DEPRECATED_OBJC_IMPLEMENTATIONS = YES;
				CLANG_WARN_DIRECT_OBJC_ISA_USAGE = YES_ERROR;
				CLANG_WARN_DOCUMENTATION_COMMENTS = YES;
				CLANG_WARN_EMPTY_BODY = YES;
				CLANG_WARN_ENUM_CONVERSION = YES;
				CLANG_WARN_INFINITE_RECURSION = YES;
				CLANG_WARN_INT_CONVERSION = YES;
				CLANG_WARN_NON_LITERAL_NULL_CONVERSION = YES;
				CLANG_WARN_OBJC_IMPLICIT_RETAIN_SELF = YES;
				CLANG_WARN_OBJC_LITERAL_CONVERSION = YES;
				CLANG_WARN_OBJC_ROOT_CLASS = YES_ERROR;
				CLANG_WARN_QUOTED_INCLUDE_IN_FRAMEWORK_HEADER = YES;
				CLANG_WARN_RANGE_LOOP_ANALYSIS = YES;
				CLANG_WARN_STRICT_PROTOTYPES = YES;
				CLANG_WARN_SUSPICIOUS_MOVE = YES;
				CLANG_WARN_UNGUARDED_AVAILABILITY = YES_AGGRESSIVE;
				CLANG_WARN_UNREACHABLE_CODE = YES;
				CLANG_WARN__DUPLICATE_METHOD_MATCH = YES;
				COPY_PHASE_STRIP = NO;
				DEBUG_INFORMATION_FORMAT = dwarf;
				ENABLE_STRICT_OBJC_MSGSEND = YES;
				ENABLE_TESTABILITY = YES;
				GCC_C_LANGUAGE_STANDARD = gnu11;
				GCC_DYNAMIC_NO_PIC = NO;
				GCC_NO_COMMON_BLOCKS = YES;
				GCC_OPTIMIZATION_LEVEL = 0;
				GCC_PREPROCESSOR_DEFINITIONS = (
					"DEBUG=1",
					"$(inherited)",
				);
				GCC_WARN_64_TO_32_BIT_CONVERSION = YES;
				GCC_WARN_ABOUT_RETURN_TYPE = YES_ERROR;
				GCC_WARN_UNDECLARED_SELECTOR = YES;
				GCC_WARN_UNINITIALIZED_AUTOS = YES_AGGRESSIVE;
				GCC_WARN_UNUSED_FUNCTION = YES;
				GCC_WARN_UNUSED_VARIABLE = YES;
				IPHONEOS_DEPLOYMENT_TARGET = 16.2;
				MTL_ENABLE_DEBUG_INFO = INCLUDE_SOURCE;
				MTL_FAST_MATH = YES;
				ONLY_ACTIVE_ARCH = YES;
				SDKROOT = iphoneos;
				SWIFT_ACTIVE_COMPILATION_CONDITIONS = DEBUG;
				SWIFT_OPTIMIZATION_LEVEL = "-Onone";
			};
			name = Debug;
		};
		A8B479A22A1CCDFD00915276 /* Release */ = {
			isa = XCBuildConfiguration;
			buildSettings = {
				ALWAYS_SEARCH_USER_PATHS = NO;
				CLANG_ANALYZER_NONNULL = YES;
				CLANG_ANALYZER_NUMBER_OBJECT_CONVERSION = YES_AGGRESSIVE;
				CLANG_CXX_LANGUAGE_STANDARD = "gnu++20";
				CLANG_ENABLE_MODULES = YES;
				CLANG_ENABLE_OBJC_ARC = YES;
				CLANG_ENABLE_OBJC_WEAK = YES;
				CLANG_WARN_BLOCK_CAPTURE_AUTORELEASING = YES;
				CLANG_WARN_BOOL_CONVERSION = YES;
				CLANG_WARN_COMMA = YES;
				CLANG_WARN_CONSTANT_CONVERSION = YES;
				CLANG_WARN_DEPRECATED_OBJC_IMPLEMENTATIONS = YES;
				CLANG_WARN_DIRECT_OBJC_ISA_USAGE = YES_ERROR;
				CLANG_WARN_DOCUMENTATION_COMMENTS = YES;
				CLANG_WARN_EMPTY_BODY = YES;
				CLANG_WARN_ENUM_CONVERSION = YES;
				CLANG_WARN_INFINITE_RECURSION = YES;
				CLANG_WARN_INT_CONVERSION = YES;
				CLANG_WARN_NON_LITERAL_NULL_CONVERSION = YES;
				CLANG_WARN_OBJC_IMPLICIT_RETAIN_SELF = YES;
				CLANG_WARN_OBJC_LITERAL_CONVERSION = YES;
				CLANG_WARN_OBJC_ROOT_CLASS = YES_ERROR;
				CLANG_WARN_QUOTED_INCLUDE_IN_FRAMEWORK_HEADER = YES;
				CLANG_WARN_RANGE_LOOP_ANALYSIS = YES;
				CLANG_WARN_STRICT_PROTOTYPES = YES;
				CLANG_WARN_SUSPICIOUS_MOVE = YES;
				CLANG_WARN_UNGUARDED_AVAILABILITY = YES_AGGRESSIVE;
				CLANG_WARN_UNREACHABLE_CODE = YES;
				CLANG_WARN__DUPLICATE_METHOD_MATCH = YES;
				COPY_PHASE_STRIP = NO;
				DEBUG_INFORMATION_FORMAT = "dwarf-with-dsym";
				ENABLE_NS_ASSERTIONS = NO;
				ENABLE_STRICT_OBJC_MSGSEND = YES;
				GCC_C_LANGUAGE_STANDARD = gnu11;
				GCC_NO_COMMON_BLOCKS = YES;
				GCC_WARN_64_TO_32_BIT_CONVERSION = YES;
				GCC_WARN_ABOUT_RETURN_TYPE = YES_ERROR;
				GCC_WARN_UNDECLARED_SELECTOR = YES;
				GCC_WARN_UNINITIALIZED_AUTOS = YES_AGGRESSIVE;
				GCC_WARN_UNUSED_FUNCTION = YES;
				GCC_WARN_UNUSED_VARIABLE = YES;
				IPHONEOS_DEPLOYMENT_TARGET = 16.2;
				MTL_ENABLE_DEBUG_INFO = NO;
				MTL_FAST_MATH = YES;
				SDKROOT = iphoneos;
				SWIFT_COMPILATION_MODE = wholemodule;
				SWIFT_OPTIMIZATION_LEVEL = "-O";
				VALIDATE_PRODUCT = YES;
			};
			name = Release;
		};
		A8B479A42A1CCDFD00915276 /* Debug */ = {
			isa = XCBuildConfiguration;
			buildSettings = {
				ASSETCATALOG_COMPILER_APPICON_NAME = AppIcon;
				ASSETCATALOG_COMPILER_GLOBAL_ACCENT_COLOR_NAME = AccentColor;
				CODE_SIGN_STYLE = Automatic;
				CURRENT_PROJECT_VERSION = 1;
				DEVELOPMENT_TEAM = "";
				GENERATE_INFOPLIST_FILE = YES;
				INFOPLIST_FILE = LibSodiumPractice/Info.plist;
				INFOPLIST_KEY_UIApplicationSupportsIndirectInputEvents = YES;
				INFOPLIST_KEY_UILaunchStoryboardName = LaunchScreen;
				INFOPLIST_KEY_UIMainStoryboardFile = Main;
				INFOPLIST_KEY_UISupportedInterfaceOrientations_iPad = "UIInterfaceOrientationPortrait UIInterfaceOrientationPortraitUpsideDown UIInterfaceOrientationLandscapeLeft UIInterfaceOrientationLandscapeRight";
				INFOPLIST_KEY_UISupportedInterfaceOrientations_iPhone = "UIInterfaceOrientationPortrait UIInterfaceOrientationLandscapeLeft UIInterfaceOrientationLandscapeRight";
				LD_RUNPATH_SEARCH_PATHS = (
					"$(inherited)",
					"@executable_path/Frameworks",
				);
				MARKETING_VERSION = 1.0;
				PRODUCT_BUNDLE_IDENTIFIER = schemes.com.LibSodiumPractice;
				PRODUCT_NAME = "$(TARGET_NAME)";
				SWIFT_EMIT_LOC_STRINGS = YES;
				SWIFT_VERSION = 5.0;
				TARGETED_DEVICE_FAMILY = "1,2";
			};
			name = Debug;
		};
		A8B479A52A1CCDFD00915276 /* Release */ = {
			isa = XCBuildConfiguration;
			buildSettings = {
				ASSETCATALOG_COMPILER_APPICON_NAME = AppIcon;
				ASSETCATALOG_COMPILER_GLOBAL_ACCENT_COLOR_NAME = AccentColor;
				CODE_SIGN_STYLE = Automatic;
				CURRENT_PROJECT_VERSION = 1;
				DEVELOPMENT_TEAM = "";
				GENERATE_INFOPLIST_FILE = YES;
				INFOPLIST_FILE = LibSodiumPractice/Info.plist;
				INFOPLIST_KEY_UIApplicationSupportsIndirectInputEvents = YES;
				INFOPLIST_KEY_UILaunchStoryboardName = LaunchScreen;
				INFOPLIST_KEY_UIMainStoryboardFile = Main;
				INFOPLIST_KEY_UISupportedInterfaceOrientations_iPad = "UIInterfaceOrientationPortrait UIInterfaceOrientationPortraitUpsideDown UIInterfaceOrientationLandscapeLeft UIInterfaceOrientationLandscapeRight";
				INFOPLIST_KEY_UISupportedInterfaceOrientations_iPhone = "UIInterfaceOrientationPortrait UIInterfaceOrientationLandscapeLeft UIInterfaceOrientationLandscapeRight";
				LD_RUNPATH_SEARCH_PATHS = (
					"$(inherited)",
					"@executable_path/Frameworks",
				);
				MARKETING_VERSION = 1.0;
				PRODUCT_BUNDLE_IDENTIFIER = schemes.com.LibSodiumPractice;
				PRODUCT_NAME = "$(TARGET_NAME)";
				SWIFT_EMIT_LOC_STRINGS = YES;
				SWIFT_VERSION = 5.0;
				TARGETED_DEVICE_FAMILY = "1,2";
			};
			name = Release;
		};
		A8B479A72A1CCDFD00915276 /* Debug */ = {
			isa = XCBuildConfiguration;
			buildSettings = {
				ALWAYS_EMBED_SWIFT_STANDARD_LIBRARIES = YES;
				BUNDLE_LOADER = "$(TEST_HOST)";
				CODE_SIGN_STYLE = Automatic;
				CURRENT_PROJECT_VERSION = 1;
				DEVELOPMENT_TEAM = J6S5H7F45W;
				GENERATE_INFOPLIST_FILE = YES;
				IPHONEOS_DEPLOYMENT_TARGET = 16.2;
				MARKETING_VERSION = 1.0;
				PRODUCT_BUNDLE_IDENTIFIER = schemes.com.LibSodiumPracticeTests;
				PRODUCT_NAME = "$(TARGET_NAME)";
				SWIFT_EMIT_LOC_STRINGS = NO;
				SWIFT_VERSION = 5.0;
				TARGETED_DEVICE_FAMILY = "1,2";
				TEST_HOST = "$(BUILT_PRODUCTS_DIR)/LibSodiumPractice.app/$(BUNDLE_EXECUTABLE_FOLDER_PATH)/LibSodiumPractice";
			};
			name = Debug;
		};
		A8B479A82A1CCDFD00915276 /* Release */ = {
			isa = XCBuildConfiguration;
			buildSettings = {
				ALWAYS_EMBED_SWIFT_STANDARD_LIBRARIES = YES;
				BUNDLE_LOADER = "$(TEST_HOST)";
				CODE_SIGN_STYLE = Automatic;
				CURRENT_PROJECT_VERSION = 1;
				DEVELOPMENT_TEAM = J6S5H7F45W;
				GENERATE_INFOPLIST_FILE = YES;
				IPHONEOS_DEPLOYMENT_TARGET = 16.2;
				MARKETING_VERSION = 1.0;
				PRODUCT_BUNDLE_IDENTIFIER = schemes.com.LibSodiumPracticeTests;
				PRODUCT_NAME = "$(TARGET_NAME)";
				SWIFT_EMIT_LOC_STRINGS = NO;
				SWIFT_VERSION = 5.0;
				TARGETED_DEVICE_FAMILY = "1,2";
				TEST_HOST = "$(BUILT_PRODUCTS_DIR)/LibSodiumPractice.app/$(BUNDLE_EXECUTABLE_FOLDER_PATH)/LibSodiumPractice";
			};
			name = Release;
		};
		A8B479AA2A1CCDFD00915276 /* Debug */ = {
			isa = XCBuildConfiguration;
			buildSettings = {
				ALWAYS_EMBED_SWIFT_STANDARD_LIBRARIES = YES;
				CODE_SIGN_STYLE = Automatic;
				CURRENT_PROJECT_VERSION = 1;
				DEVELOPMENT_TEAM = J6S5H7F45W;
				GENERATE_INFOPLIST_FILE = YES;
				MARKETING_VERSION = 1.0;
				PRODUCT_BUNDLE_IDENTIFIER = schemes.com.LibSodiumPracticeUITests;
				PRODUCT_NAME = "$(TARGET_NAME)";
				SWIFT_EMIT_LOC_STRINGS = NO;
				SWIFT_VERSION = 5.0;
				TARGETED_DEVICE_FAMILY = "1,2";
				TEST_TARGET_NAME = LibSodiumPractice;
			};
			name = Debug;
		};
		A8B479AB2A1CCDFD00915276 /* Release */ = {
			isa = XCBuildConfiguration;
			buildSettings = {
				ALWAYS_EMBED_SWIFT_STANDARD_LIBRARIES = YES;
				CODE_SIGN_STYLE = Automatic;
				CURRENT_PROJECT_VERSION = 1;
				DEVELOPMENT_TEAM = J6S5H7F45W;
				GENERATE_INFOPLIST_FILE = YES;
				MARKETING_VERSION = 1.0;
				PRODUCT_BUNDLE_IDENTIFIER = schemes.com.LibSodiumPracticeUITests;
				PRODUCT_NAME = "$(TARGET_NAME)";
				SWIFT_EMIT_LOC_STRINGS = NO;
				SWIFT_VERSION = 5.0;
				TARGETED_DEVICE_FAMILY = "1,2";
				TEST_TARGET_NAME = LibSodiumPractice;
			};
			name = Release;
		};
/* End XCBuildConfiguration section */

/* Begin XCConfigurationList section */
		A8B479742A1CCDFA00915276 /* Build configuration list for PBXProject "LibSodiumPractice" */ = {
			isa = XCConfigurationList;
			buildConfigurations = (
				A8B479A12A1CCDFD00915276 /* Debug */,
				A8B479A22A1CCDFD00915276 /* Release */,
			);
			defaultConfigurationIsVisible = 0;
			defaultConfigurationName = Release;
		};
		A8B479A32A1CCDFD00915276 /* Build configuration list for PBXNativeTarget "LibSodiumPractice" */ = {
			isa = XCConfigurationList;
			buildConfigurations = (
				A8B479A42A1CCDFD00915276 /* Debug */,
				A8B479A52A1CCDFD00915276 /* Release */,
			);
			defaultConfigurationIsVisible = 0;
			defaultConfigurationName = Release;
		};
		A8B479A62A1CCDFD00915276 /* Build configuration list for PBXNativeTarget "LibSodiumPracticeTests" */ = {
			isa = XCConfigurationList;
			buildConfigurations = (
				A8B479A72A1CCDFD00915276 /* Debug */,
				A8B479A82A1CCDFD00915276 /* Release */,
			);
			defaultConfigurationIsVisible = 0;
			defaultConfigurationName = Release;
		};
		A8B479A92A1CCDFD00915276 /* Build configuration list for PBXNativeTarget "LibSodiumPracticeUITests" */ = {
			isa = XCConfigurationList;
			buildConfigurations = (
				A8B479AA2A1CCDFD00915276 /* Debug */,
				A8B479AB2A1CCDFD00915276 /* Release */,
			);
			defaultConfigurationIsVisible = 0;
			defaultConfigurationName = Release;
		};
/* End XCConfigurationList section */

/* Begin XCRemoteSwiftPackageReference section */
		A8B479AC2A1CD0F300915276 /* XCRemoteSwiftPackageReference "swift-sodium" */ = {
			isa = XCRemoteSwiftPackageReference;
			repositoryURL = "https://github.com/jedisct1/swift-sodium.git";
			requirement = {
				kind = upToNextMajorVersion;
				minimumVersion = 0.9.1;
			};
		};
/* End XCRemoteSwiftPackageReference section */

/* Begin XCSwiftPackageProductDependency section */
		A8B479AD2A1CD0F300915276 /* Sodium */ = {
			isa = XCSwiftPackageProductDependency;
			package = A8B479AC2A1CD0F300915276 /* XCRemoteSwiftPackageReference "swift-sodium" */;
			productName = Sodium;
		};
/* End XCSwiftPackageProductDependency section */
	};
	rootObject = A8B479712A1CCDFA00915276 /* Project object */;
}
